
Microsoft Visual Studio Solution File, Format Version 12.00
# Visual Studio Version 16
VisualStudioVersion = 16.0.32901.82
MinimumVisualStudioVersion = 10.0.40219.1
Project("{FAE04EC0-301F-11D3-BF4B-00C04F79EFBC}") = "WpfApp67", "WpfApp67.csproj", "{AB41355B-F877-4865-BE47-8908895917F0}"
EndProject
Project("{FAE04EC0-301F-11D3-BF4B-00C04F79EFBC}") = "WpfApp68", "..\WpfApp68\WpfApp68.csproj", "{F24BE4C5-0AFC-4C22-BC7E-3572905901A0}"
EndProject
Project("{FAE04EC0-301F-11D3-BF4B-00C04F79EFBC}") = "WpfApp69", "..\WpfApp69\WpfApp69.csproj", "{11A74A57-FE53-46EB-A2FA-FB40D906CF72}"
EndProject
Global
	GlobalSection(SolutionConfigurationPlatforms) = preSolution
		Debug|Any CPU = Debug|Any CPU
		Release|Any CPU = Release|Any CPU
	EndGlobalSection
	GlobalSection(ProjectConfigurationPlatforms) = postSolution
		{AB41355B-F877-4865-BE47-8908895917F0}.Debug|Any CPU.ActiveCfg = Debug|Any CPU
		{AB41355B-F877-4865-BE47-8908895917F0}.Debug|Any CPU.Build.0 = Debug|Any CPU
		{AB41355B-F877-4865-BE47-8908895917F0}.Release|Any CPU.ActiveCfg = Release|Any CPU
		{AB41355B-F877-4865-BE47-8908895917F0}.Release|Any CPU.Build.0 = Release|Any CPU
		{F24BE4C5-0AFC-4C22-BC7E-3572905901A0}.Debug|Any CPU.ActiveCfg = Debug|Any CPU
		{F24BE4C5-0AFC-4C22-BC7E-3572905901A0}.Debug|Any CPU.Build.0 = Debug|Any CPU
		{F24BE4C5-0AFC-4C22-BC7E-3572905901A0}.Release|Any CPU.ActiveCfg = Release|Any CPU
		{F24BE4C5-0AFC-4C22-BC7E-3572905901A0}.Release|Any CPU.Build.0 = Release|Any CPU
		{11A74A57-FE53-46EB-A2FA-FB40D906CF72}.Debug|Any CPU.ActiveCfg = Debug|Any CPU
		{11A74A57-FE53-46EB-A2FA-FB40D906CF72}.Debug|Any CPU.Build.0 = Debug|Any CPU
		{11A74A57-FE53-46EB-A2FA-FB40D906CF72}.Release|Any CPU.ActiveCfg = Release|Any CPU
		{11A74A57-FE53-46EB-A2FA-FB40D906CF72}.Release|Any CPU.Build.0 = Release|Any CPU
	EndGlobalSection
	GlobalSection(SolutionProperties) = preSolution
		HideSolutionNode = FALSE
	EndGlobalSection
	GlobalSection(ExtensibilityGlobals) = postSolution
		SolutionGuid = {4039C4F5-D15B-4F83-BC1E-890FBCE387F5}
	EndGlobalSection
EndGlobal
